
Microsoft Visual Studio Solution File, Format Version 12.00
# Visual Studio Version 17
VisualStudioVersion = 17.5.002.0
MinimumVisualStudioVersion = 10.0.40219.1
Project("{2150E333-8FDC-42A3-9474-1A3956D46DE8}") = "testing", "testing", "{FA5F1F63-C483-4F65-B622-000E750E8B0D}"
EndProject
Project("{2150E333-8FDC-42A3-9474-1A3956D46DE8}") = "ferrum", "ferrum", "{01ED5E06-E82D-464E-A16A-A34E40B1FD00}"
EndProject
Project("{FAE04EC0-301F-11D3-BF4B-00C04F79EFBC}") = "ferrum-api", "ferrum\api\ferrum-api.csproj", "{648B9AC3-A9DC-474B-9303-8C32E32BBBA9}"
EndProject
Project("{FAE04EC0-301F-11D3-BF4B-00C04F79EFBC}") = "ferrum-cache", "ferrum\cache\ferrum-cache.csproj", "{D8343A60-DEAA-47CC-9E51-014F26101338}"
EndProject
Project("{FAE04EC0-301F-11D3-BF4B-00C04F79EFBC}") = "ferrum-db-engine", "ferrum\db-engine\ferrum-db-engine.csproj", "{89E83304-3533-4AD6-AE12-418426779978}"
EndProject
Project("{FAE04EC0-301F-11D3-BF4B-00C04F79EFBC}") = "ferrum-io-engine", "ferrum\io-engine\ferrum-io-engine.csproj", "{F3D7A4DA-F1B4-4476-960B-B59F143CFC78}"
EndProject
Project("{FAE04EC0-301F-11D3-BF4B-00C04F79EFBC}") = "ferrum-garbage-collector", "ferrum\garbage-collector\ferrum-garbage-collector.csproj", "{6257B81E-A621-4CF1-BD7B-610C4AD62FF4}"
EndProject
Project("{FAE04EC0-301F-11D3-BF4B-00C04F79EFBC}") = "ferrum-query-engine", "ferrum\query-engine\ferrum-query-engine.csproj", "{5F9EFC76-A2BB-4880-AFC0-F227164703DF}"
EndProject
Project("{FAE04EC0-301F-11D3-BF4B-00C04F79EFBC}") = "ferrum", "ferrum\main\ferrum.csproj", "{F7C410BE-CF3E-4388-A37D-AED158EA7122}"
EndProject
Project("{FAE04EC0-301F-11D3-BF4B-00C04F79EFBC}") = "ferrum-collection-engine", "ferrum\collection-engine\ferrum-collection-engine.csproj", "{535157A7-56A4-4E94-A383-FDDE835C9D62}"
EndProject
Project("{FAE04EC0-301F-11D3-BF4B-00C04F79EFBC}") = "ferrum-logger", "ferrum\logger\ferrum-logger.csproj", "{3DC4E697-E8E7-4650-A153-47CB9E819D7E}"
EndProject
Project("{FAE04EC0-301F-11D3-BF4B-00C04F79EFBC}") = "ferrum-transaction-engine", "ferrum\ferrum-transaction-engine\ferrum-transaction-engine.csproj", "{BCAACB89-7D22-4E0C-8649-95053E72E495}"
EndProject
Project("{2150E333-8FDC-42A3-9474-1A3956D46DE8}") = "clients", "clients", "{6BD3A077-BB6A-47DF-B27B-5AB3C3A9F2FE}"
EndProject
Project("{2150E333-8FDC-42A3-9474-1A3956D46DE8}") = "embedded", "embedded", "{F02D0A15-86F1-46A5-9068-B76381008503}"
EndProject
Project("{FAE04EC0-301F-11D3-BF4B-00C04F79EFBC}") = "embedded-client", "clients\embedded\embedded-client.csproj", "{EBE4CBEB-28FB-46D3-A6CF-D1C6520B754A}"
EndProject
Project("{FAE04EC0-301F-11D3-BF4B-00C04F79EFBC}") = "embedded-client", "testing\embedded-client\embedded-client.csproj", "{90CD2CE2-A054-4DCF-BF3D-D64529F8375F}"
EndProject
Project("{FAE04EC0-301F-11D3-BF4B-00C04F79EFBC}") = "collection-engine", "testing\collection-engine\collection-engine.csproj", "{A0F852EC-18A2-4CC6-B6AB-F4B38DCB3EEC}"
EndProject
Global
	GlobalSection(SolutionConfigurationPlatforms) = preSolution
		Debug|Any CPU = Debug|Any CPU
		Release|Any CPU = Release|Any CPU
	EndGlobalSection
	GlobalSection(ProjectConfigurationPlatforms) = postSolution
		{648B9AC3-A9DC-474B-9303-8C32E32BBBA9}.Debug|Any CPU.ActiveCfg = Debug|x64
		{648B9AC3-A9DC-474B-9303-8C32E32BBBA9}.Debug|Any CPU.Build.0 = Debug|x64
		{648B9AC3-A9DC-474B-9303-8C32E32BBBA9}.Release|Any CPU.ActiveCfg = Release|x64
		{648B9AC3-A9DC-474B-9303-8C32E32BBBA9}.Release|Any CPU.Build.0 = Release|x64
		{D8343A60-DEAA-47CC-9E51-014F26101338}.Debug|Any CPU.ActiveCfg = Debug|x64
		{D8343A60-DEAA-47CC-9E51-014F26101338}.Debug|Any CPU.Build.0 = Debug|x64
		{D8343A60-DEAA-47CC-9E51-014F26101338}.Release|Any CPU.ActiveCfg = Release|x64
		{D8343A60-DEAA-47CC-9E51-014F26101338}.Release|Any CPU.Build.0 = Release|x64
		{89E83304-3533-4AD6-AE12-418426779978}.Debug|Any CPU.ActiveCfg = Debug|x64
		{89E83304-3533-4AD6-AE12-418426779978}.Debug|Any CPU.Build.0 = Debug|x64
		{89E83304-3533-4AD6-AE12-418426779978}.Release|Any CPU.ActiveCfg = Release|x64
		{89E83304-3533-4AD6-AE12-418426779978}.Release|Any CPU.Build.0 = Release|x64
		{F3D7A4DA-F1B4-4476-960B-B59F143CFC78}.Debug|Any CPU.ActiveCfg = Debug|x64
		{F3D7A4DA-F1B4-4476-960B-B59F143CFC78}.Debug|Any CPU.Build.0 = Debug|x64
		{F3D7A4DA-F1B4-4476-960B-B59F143CFC78}.Release|Any CPU.ActiveCfg = Release|x64
		{F3D7A4DA-F1B4-4476-960B-B59F143CFC78}.Release|Any CPU.Build.0 = Release|x64
		{6257B81E-A621-4CF1-BD7B-610C4AD62FF4}.Debug|Any CPU.ActiveCfg = Debug|x64
		{6257B81E-A621-4CF1-BD7B-610C4AD62FF4}.Debug|Any CPU.Build.0 = Debug|x64
		{6257B81E-A621-4CF1-BD7B-610C4AD62FF4}.Release|Any CPU.ActiveCfg = Release|x64
		{6257B81E-A621-4CF1-BD7B-610C4AD62FF4}.Release|Any CPU.Build.0 = Release|x64
		{5F9EFC76-A2BB-4880-AFC0-F227164703DF}.Debug|Any CPU.ActiveCfg = Debug|x64
		{5F9EFC76-A2BB-4880-AFC0-F227164703DF}.Debug|Any CPU.Build.0 = Debug|x64
		{5F9EFC76-A2BB-4880-AFC0-F227164703DF}.Release|Any CPU.ActiveCfg = Release|x64
		{5F9EFC76-A2BB-4880-AFC0-F227164703DF}.Release|Any CPU.Build.0 = Release|x64
		{F7C410BE-CF3E-4388-A37D-AED158EA7122}.Debug|Any CPU.ActiveCfg = Debug|x64
		{F7C410BE-CF3E-4388-A37D-AED158EA7122}.Debug|Any CPU.Build.0 = Debug|x64
		{F7C410BE-CF3E-4388-A37D-AED158EA7122}.Release|Any CPU.ActiveCfg = Release|x64
		{F7C410BE-CF3E-4388-A37D-AED158EA7122}.Release|Any CPU.Build.0 = Release|x64
		{535157A7-56A4-4E94-A383-FDDE835C9D62}.Debug|Any CPU.ActiveCfg = Debug|Any CPU
		{535157A7-56A4-4E94-A383-FDDE835C9D62}.Debug|Any CPU.Build.0 = Debug|Any CPU
		{535157A7-56A4-4E94-A383-FDDE835C9D62}.Release|Any CPU.ActiveCfg = Release|Any CPU
		{535157A7-56A4-4E94-A383-FDDE835C9D62}.Release|Any CPU.Build.0 = Release|Any CPU
		{3DC4E697-E8E7-4650-A153-47CB9E819D7E}.Debug|Any CPU.ActiveCfg = Debug|x64
		{3DC4E697-E8E7-4650-A153-47CB9E819D7E}.Debug|Any CPU.Build.0 = Debug|x64
		{3DC4E697-E8E7-4650-A153-47CB9E819D7E}.Release|Any CPU.ActiveCfg = Release|x64
		{3DC4E697-E8E7-4650-A153-47CB9E819D7E}.Release|Any CPU.Build.0 = Release|x64
		{BCAACB89-7D22-4E0C-8649-95053E72E495}.Debug|Any CPU.ActiveCfg = Debug|Any CPU
		{BCAACB89-7D22-4E0C-8649-95053E72E495}.Debug|Any CPU.Build.0 = Debug|Any CPU
		{BCAACB89-7D22-4E0C-8649-95053E72E495}.Release|Any CPU.ActiveCfg = Release|Any CPU
		{BCAACB89-7D22-4E0C-8649-95053E72E495}.Release|Any CPU.Build.0 = Release|Any CPU
		{EBE4CBEB-28FB-46D3-A6CF-D1C6520B754A}.Debug|Any CPU.ActiveCfg = Debug|Any CPU
		{EBE4CBEB-28FB-46D3-A6CF-D1C6520B754A}.Debug|Any CPU.Build.0 = Debug|Any CPU
		{EBE4CBEB-28FB-46D3-A6CF-D1C6520B754A}.Release|Any CPU.ActiveCfg = Release|Any CPU
		{EBE4CBEB-28FB-46D3-A6CF-D1C6520B754A}.Release|Any CPU.Build.0 = Release|Any CPU
		{90CD2CE2-A054-4DCF-BF3D-D64529F8375F}.Debug|Any CPU.ActiveCfg = Debug|Any CPU
		{90CD2CE2-A054-4DCF-BF3D-D64529F8375F}.Debug|Any CPU.Build.0 = Debug|Any CPU
		{90CD2CE2-A054-4DCF-BF3D-D64529F8375F}.Release|Any CPU.ActiveCfg = Release|Any CPU
		{90CD2CE2-A054-4DCF-BF3D-D64529F8375F}.Release|Any CPU.Build.0 = Release|Any CPU
		{A0F852EC-18A2-4CC6-B6AB-F4B38DCB3EEC}.Debug|Any CPU.ActiveCfg = Debug|Any CPU
		{A0F852EC-18A2-4CC6-B6AB-F4B38DCB3EEC}.Debug|Any CPU.Build.0 = Debug|Any CPU
		{A0F852EC-18A2-4CC6-B6AB-F4B38DCB3EEC}.Release|Any CPU.ActiveCfg = Release|Any CPU
		{A0F852EC-18A2-4CC6-B6AB-F4B38DCB3EEC}.Release|Any CPU.Build.0 = Release|Any CPU
	EndGlobalSection
	GlobalSection(SolutionProperties) = preSolution
		HideSolutionNode = FALSE
	EndGlobalSection
	GlobalSection(NestedProjects) = preSolution
		{648B9AC3-A9DC-474B-9303-8C32E32BBBA9} = {01ED5E06-E82D-464E-A16A-A34E40B1FD00}
		{D8343A60-DEAA-47CC-9E51-014F26101338} = {01ED5E06-E82D-464E-A16A-A34E40B1FD00}
		{89E83304-3533-4AD6-AE12-418426779978} = {01ED5E06-E82D-464E-A16A-A34E40B1FD00}
		{F3D7A4DA-F1B4-4476-960B-B59F143CFC78} = {01ED5E06-E82D-464E-A16A-A34E40B1FD00}
		{6257B81E-A621-4CF1-BD7B-610C4AD62FF4} = {01ED5E06-E82D-464E-A16A-A34E40B1FD00}
		{5F9EFC76-A2BB-4880-AFC0-F227164703DF} = {01ED5E06-E82D-464E-A16A-A34E40B1FD00}
		{F7C410BE-CF3E-4388-A37D-AED158EA7122} = {01ED5E06-E82D-464E-A16A-A34E40B1FD00}
		{535157A7-56A4-4E94-A383-FDDE835C9D62} = {01ED5E06-E82D-464E-A16A-A34E40B1FD00}
		{3DC4E697-E8E7-4650-A153-47CB9E819D7E} = {01ED5E06-E82D-464E-A16A-A34E40B1FD00}
		{BCAACB89-7D22-4E0C-8649-95053E72E495} = {01ED5E06-E82D-464E-A16A-A34E40B1FD00}
		{F02D0A15-86F1-46A5-9068-B76381008503} = {6BD3A077-BB6A-47DF-B27B-5AB3C3A9F2FE}
		{EBE4CBEB-28FB-46D3-A6CF-D1C6520B754A} = {F02D0A15-86F1-46A5-9068-B76381008503}
		{90CD2CE2-A054-4DCF-BF3D-D64529F8375F} = {FA5F1F63-C483-4F65-B622-000E750E8B0D}
		{A0F852EC-18A2-4CC6-B6AB-F4B38DCB3EEC} = {FA5F1F63-C483-4F65-B622-000E750E8B0D}
	EndGlobalSection
	GlobalSection(ExtensibilityGlobals) = postSolution
		SolutionGuid = {DCC6C156-A091-410E-B16D-6C2857179455}
	EndGlobalSection
EndGlobal
