{
    "name": "ferrum-db-server",
    "lockfileVersion": 2,
    "requires": true,
    "packages": {
        "": {
            "name": "ferrum-db-server",
            "dependencies": {
                "@types/node": "^17.0.8",
                "aurumjs": "^0.8.11"
            }
        },
        "node_modules/@types/node": {
            "version": "17.0.8",
            "resolved": "https://registry.npmjs.org/@types/node/-/node-17.0.8.tgz",
            "integrity": "sha512-YofkM6fGv4gDJq78g4j0mMuGMkZVxZDgtU0JRdx6FgiJDG+0fY0GKVolOV8WqVmEhLCXkQRjwDdKyPxJp/uucg=="
        },
        "node_modules/aurumjs": {
            "version": "0.8.11",
            "resolved": "https://registry.npmjs.org/aurumjs/-/aurumjs-0.8.11.tgz",
            "integrity": "sha512-9phCOY7kRpXM0IudEwxMqF0kZFh9x5BAyhcjfB58YTay+gHPlMDH7CNRbgGLFKYx1L8noBUqPNNgfgZS7u6MMw=="
        }
    },
    "dependencies": {
        "@types/node": {
            "version": "17.0.8",
            "resolved": "https://registry.npmjs.org/@types/node/-/node-17.0.8.tgz",
            "integrity": "sha512-YofkM6fGv4gDJq78g4j0mMuGMkZVxZDgtU0JRdx6FgiJDG+0fY0GKVolOV8WqVmEhLCXkQRjwDdKyPxJp/uucg=="
        },
        "aurumjs": {
            "version": "0.8.11",
            "resolved": "https://registry.npmjs.org/aurumjs/-/aurumjs-0.8.11.tgz",
            "integrity": "sha512-9phCOY7kRpXM0IudEwxMqF0kZFh9x5BAyhcjfB58YTay+gHPlMDH7CNRbgGLFKYx1L8noBUqPNNgfgZS7u6MMw=="
        }
    }
}
