{
    "name": "ferrum-admin-server",
    "version": "1.0.0",
    "lockfileVersion": 3,
    "requires": true,
    "packages": {
        "": {
            "name": "ferrum-admin-server",
            "version": "1.0.0",
            "license": "ISC",
            "workspaces": [
                "../nodejs",
                "../shared",
                "../../ferrum-query-api"
            ],
            "dependencies": {
                "@types/node": "^20.10.4",
                "ferrum-db-client": "^0.4.0"
            }
        },
        "../../clients/nodejs": {
            "name": "ferrum-db-client",
            "version": "0.4.0",
            "license": "MIT",
            "dependencies": {
                "@grpc/grpc-js": "^1.7.3",
                "@types/google-protobuf": "^3.15.12",
                "@types/node": "^20.12.12",
                "bson": "4.4.0",
                "google-protobuf": "^3.21.2"
            }
        },
        "../../ferrum-query-api": {
            "version": "0.0.1",
            "license": "MIT"
        },
        "../shared": {
            "version": "1.0.0",
            "license": "ISC",
            "devDependencies": {}
        },
        "node_modules/@types/node": {
            "version": "20.12.12",
            "resolved": "https://registry.npmjs.org/@types/node/-/node-20.12.12.tgz",
            "integrity": "sha512-eWLDGF/FOSPtAvEqeRAQ4C8LSA7M1I7i0ky1I8U7kD1J5ITyW3AsRhQrKVoWf5pFKZ2kILsEGJhsI9r93PYnOw==",
            "dependencies": {
                "undici-types": "~5.26.4"
            }
        },
        "node_modules/ferrum-db-client": {
            "resolved": "../../clients/nodejs",
            "link": true
        },
        "node_modules/ferrum-query-api": {
            "resolved": "../../ferrum-query-api",
            "link": true
        },
        "node_modules/shared": {
            "resolved": "../shared",
            "link": true
        },
        "node_modules/undici-types": {
            "version": "5.26.5",
            "resolved": "https://registry.npmjs.org/undici-types/-/undici-types-5.26.5.tgz",
            "integrity": "sha512-JlCMO+ehdEIKqlFxk6IfVoAUVmgz7cU7zD/h9XZ0qzeosSHmUJVOzSQvvYSYWXkFXC+IfLKSIffhv0sVZup6pA=="
        }
    }
}
